
Microsoft Visual Studio Solution File, Format Version 12.00
# Visual Studio Version 17
VisualStudioVersion = 17.2.32630.192
MinimumVisualStudioVersion = 10.0.40219.1
Project("{FAE04EC0-301F-11D3-BF4B-00C04F79EFBC}") = "class 1 excersices", "class 1 excersices\class 1 excersices.csproj", "{5E702DF9-743B-406B-BE36-10A7E1E1C9ED}"
EndProject
Global
	GlobalSection(SolutionConfigurationPlatforms) = preSolution
		Debug|Any CPU = Debug|Any CPU
		Release|Any CPU = Release|Any CPU
	EndGlobalSection
	GlobalSection(ProjectConfigurationPlatforms) = postSolution
		{5E702DF9-743B-406B-BE36-10A7E1E1C9ED}.Debug|Any CPU.ActiveCfg = Debug|Any CPU
		{5E702DF9-743B-406B-BE36-10A7E1E1C9ED}.Debug|Any CPU.Build.0 = Debug|Any CPU
		{5E702DF9-743B-406B-BE36-10A7E1E1C9ED}.Release|Any CPU.ActiveCfg = Release|Any CPU
		{5E702DF9-743B-406B-BE36-10A7E1E1C9ED}.Release|Any CPU.Build.0 = Release|Any CPU
	EndGlobalSection
	GlobalSection(SolutionProperties) = preSolution
		HideSolutionNode = FALSE
	EndGlobalSection
	GlobalSection(ExtensibilityGlobals) = postSolution
		SolutionGuid = {7C47ECF5-981E-4222-8373-ACE07D606309}
	EndGlobalSection
EndGlobal
